
Microsoft Visual Studio Solution File, Format Version 12.00
# Visual Studio 15
VisualStudioVersion = 15.0.28307.271
MinimumVisualStudioVersion = 10.0.40219.1
Project("{FAE04EC0-301F-11D3-BF4B-00C04F79EFBC}") = "TrabalhoBD", "TrabalhoBD\TrabalhoBD.csproj", "{0CA02A5F-C85F-4B35-8C7F-FD8BDDFC7EF9}"
EndProject
Global
	GlobalSection(SolutionConfigurationPlatforms) = preSolution
		Debug|Any CPU = Debug|Any CPU
		Release|Any CPU = Release|Any CPU
	EndGlobalSection
	GlobalSection(ProjectConfigurationPlatforms) = postSolution
		{0CA02A5F-C85F-4B35-8C7F-FD8BDDFC7EF9}.Debug|Any CPU.ActiveCfg = Debug|Any CPU
		{0CA02A5F-C85F-4B35-8C7F-FD8BDDFC7EF9}.Debug|Any CPU.Build.0 = Debug|Any CPU
		{0CA02A5F-C85F-4B35-8C7F-FD8BDDFC7EF9}.Release|Any CPU.ActiveCfg = Release|Any CPU
		{0CA02A5F-C85F-4B35-8C7F-FD8BDDFC7EF9}.Release|Any CPU.Build.0 = Release|Any CPU
	EndGlobalSection
	GlobalSection(SolutionProperties) = preSolution
		HideSolutionNode = FALSE
	EndGlobalSection
	GlobalSection(ExtensibilityGlobals) = postSolution
		SolutionGuid = {8DDCA00A-CEEC-476E-8EEB-9B1CEFD5A4C0}
	EndGlobalSection
EndGlobal
